
Microsoft Visual Studio Solution File, Format Version 12.00
# Visual Studio Version 17
VisualStudioVersion = 17.7.34202.233
MinimumVisualStudioVersion = 10.0.40219.1
Project("{FAE04EC0-301F-11D3-BF4B-00C04F79EFBC}") = "урок1", "урок1\урок1.csproj", "{75366FE8-1BCF-4D47-BB6D-F8805547EBD9}"
EndProject
Project("{FAE04EC0-301F-11D3-BF4B-00C04F79EFBC}") = "урок2", "урок2\урок2.csproj", "{001C2A7E-3134-464E-9898-A80BC98AB2E3}"
EndProject
Project("{FAE04EC0-301F-11D3-BF4B-00C04F79EFBC}") = "урок 3", "урок 3\урок 3.csproj", "{CC700F74-F791-4AFA-8789-8DE81194F236}"
EndProject
Global
	GlobalSection(SolutionConfigurationPlatforms) = preSolution
		Debug|Any CPU = Debug|Any CPU
		Release|Any CPU = Release|Any CPU
	EndGlobalSection
	GlobalSection(ProjectConfigurationPlatforms) = postSolution
		{75366FE8-1BCF-4D47-BB6D-F8805547EBD9}.Debug|Any CPU.ActiveCfg = Debug|Any CPU
		{75366FE8-1BCF-4D47-BB6D-F8805547EBD9}.Debug|Any CPU.Build.0 = Debug|Any CPU
		{75366FE8-1BCF-4D47-BB6D-F8805547EBD9}.Release|Any CPU.ActiveCfg = Release|Any CPU
		{75366FE8-1BCF-4D47-BB6D-F8805547EBD9}.Release|Any CPU.Build.0 = Release|Any CPU
		{001C2A7E-3134-464E-9898-A80BC98AB2E3}.Debug|Any CPU.ActiveCfg = Debug|Any CPU
		{001C2A7E-3134-464E-9898-A80BC98AB2E3}.Debug|Any CPU.Build.0 = Debug|Any CPU
		{001C2A7E-3134-464E-9898-A80BC98AB2E3}.Release|Any CPU.ActiveCfg = Release|Any CPU
		{001C2A7E-3134-464E-9898-A80BC98AB2E3}.Release|Any CPU.Build.0 = Release|Any CPU
		{CC700F74-F791-4AFA-8789-8DE81194F236}.Debug|Any CPU.ActiveCfg = Debug|Any CPU
		{CC700F74-F791-4AFA-8789-8DE81194F236}.Debug|Any CPU.Build.0 = Debug|Any CPU
		{CC700F74-F791-4AFA-8789-8DE81194F236}.Release|Any CPU.ActiveCfg = Release|Any CPU
		{CC700F74-F791-4AFA-8789-8DE81194F236}.Release|Any CPU.Build.0 = Release|Any CPU
	EndGlobalSection
	GlobalSection(SolutionProperties) = preSolution
		HideSolutionNode = FALSE
	EndGlobalSection
	GlobalSection(ExtensibilityGlobals) = postSolution
		SolutionGuid = {98436B42-E34F-4389-8D00-3285A8D9CCFE}
	EndGlobalSection
EndGlobal
